
Microsoft Visual Studio Solution File, Format Version 12.00
# Visual Studio Version 17
VisualStudioVersion = 17.0.31903.59
MinimumVisualStudioVersion = 10.0.40219.1
Project("{9A19103F-16F7-4668-BE54-9A1E7A4F7556}") = "ClientesAPI", "ClientesAPI\ClientesAPI.csproj", "{22DB47F0-56B2-43E4-8AF1-9050C8C115FB}"
EndProject
Project("{9A19103F-16F7-4668-BE54-9A1E7A4F7556}") = "PagamentosAPI", "PagamentosAPI\PagamentosAPI.csproj", "{CF8E022B-B934-4A49-B80D-91E81DF2BDB3}"
EndProject
Project("{9A19103F-16F7-4668-BE54-9A1E7A4F7556}") = "BFFAPI", "BFFAPI\BFFAPI.csproj", "{7FA976E9-6B28-4304-8279-8F444BB613FA}"
EndProject
Project("{FAE04EC0-301F-11D3-BF4B-00C04F79EFBC}") = "Testes", "Testes\Testes\Testes.csproj", "{3FED2D9F-6E9A-40B7-9227-8A43539B2816}"
EndProject
Global
	GlobalSection(SolutionConfigurationPlatforms) = preSolution
		Debug|Any CPU = Debug|Any CPU
		Release|Any CPU = Release|Any CPU
	EndGlobalSection
	GlobalSection(ProjectConfigurationPlatforms) = postSolution
		{22DB47F0-56B2-43E4-8AF1-9050C8C115FB}.Debug|Any CPU.ActiveCfg = Debug|Any CPU
		{22DB47F0-56B2-43E4-8AF1-9050C8C115FB}.Debug|Any CPU.Build.0 = Debug|Any CPU
		{22DB47F0-56B2-43E4-8AF1-9050C8C115FB}.Release|Any CPU.ActiveCfg = Release|Any CPU
		{22DB47F0-56B2-43E4-8AF1-9050C8C115FB}.Release|Any CPU.Build.0 = Release|Any CPU
		{CF8E022B-B934-4A49-B80D-91E81DF2BDB3}.Debug|Any CPU.ActiveCfg = Debug|Any CPU
		{CF8E022B-B934-4A49-B80D-91E81DF2BDB3}.Debug|Any CPU.Build.0 = Debug|Any CPU
		{CF8E022B-B934-4A49-B80D-91E81DF2BDB3}.Release|Any CPU.ActiveCfg = Release|Any CPU
		{CF8E022B-B934-4A49-B80D-91E81DF2BDB3}.Release|Any CPU.Build.0 = Release|Any CPU
		{7FA976E9-6B28-4304-8279-8F444BB613FA}.Debug|Any CPU.ActiveCfg = Debug|Any CPU
		{7FA976E9-6B28-4304-8279-8F444BB613FA}.Debug|Any CPU.Build.0 = Debug|Any CPU
		{7FA976E9-6B28-4304-8279-8F444BB613FA}.Release|Any CPU.ActiveCfg = Release|Any CPU
		{7FA976E9-6B28-4304-8279-8F444BB613FA}.Release|Any CPU.Build.0 = Release|Any CPU
		{3FED2D9F-6E9A-40B7-9227-8A43539B2816}.Debug|Any CPU.ActiveCfg = Debug|Any CPU
		{3FED2D9F-6E9A-40B7-9227-8A43539B2816}.Debug|Any CPU.Build.0 = Debug|Any CPU
		{3FED2D9F-6E9A-40B7-9227-8A43539B2816}.Release|Any CPU.ActiveCfg = Release|Any CPU
		{3FED2D9F-6E9A-40B7-9227-8A43539B2816}.Release|Any CPU.Build.0 = Release|Any CPU
	EndGlobalSection
	GlobalSection(SolutionProperties) = preSolution
		HideSolutionNode = FALSE
	EndGlobalSection
	GlobalSection(ExtensibilityGlobals) = postSolution
		SolutionGuid = {55EF42AD-657B-4A71-9DD1-29CD397CF385}
	EndGlobalSection
EndGlobal
